// !$*UTF8*$!
{
	archiveVersion = 1;
	classes = {
	};
	objectVersion = 55;
	objects = {

/* Begin PBXBuildFile section */
		04A489B127279DAA001FFA95 /* ServerManager.swift in Sources */ = {isa = PBXBuildFile; fileRef = 04A489B027279DAA001FFA95 /* ServerManager.swift */; };
		04A489B527279F46001FFA95 /* SwiftSocket in Frameworks */ = {isa = PBXBuildFile; productRef = 04A489B427279F46001FFA95 /* SwiftSocket */; };
		04A489B72727C91C001FFA95 /* ServersViewController.swift in Sources */ = {isa = PBXBuildFile; fileRef = 04A489B62727C91C001FFA95 /* ServersViewController.swift */; };
		04A489B92728A8C9001FFA95 /* ServerInfoControllers.swift in Sources */ = {isa = PBXBuildFile; fileRef = 04A489B82728A8C9001FFA95 /* ServerInfoControllers.swift */; };
		04A489BC27291701001FFA95 /* SettingViewControllers.swift in Sources */ = {isa = PBXBuildFile; fileRef = 04A489BB27291701001FFA95 /* SettingViewControllers.swift */; };
		04A9558E27272C77005C38F9 /* AppDelegate.swift in Sources */ = {isa = PBXBuildFile; fileRef = 04A9558D27272C77005C38F9 /* AppDelegate.swift */; };
		04A9559027272C77005C38F9 /* SceneDelegate.swift in Sources */ = {isa = PBXBuildFile; fileRef = 04A9558F27272C77005C38F9 /* SceneDelegate.swift */; };
		04A9559527272C77005C38F9 /* Main.storyboard in Resources */ = {isa = PBXBuildFile; fileRef = 04A9559327272C77005C38F9 /* Main.storyboard */; };
		04A9559727272C7A005C38F9 /* Assets.xcassets in Resources */ = {isa = PBXBuildFile; fileRef = 04A9559627272C7A005C38F9 /* Assets.xcassets */; };
		04A9559A27272C7A005C38F9 /* LaunchScreen.storyboard in Resources */ = {isa = PBXBuildFile; fileRef = 04A9559827272C7A005C38F9 /* LaunchScreen.storyboard */; };
/* End PBXBuildFile section */

/* Begin PBXFileReference section */
		04A489B027279DAA001FFA95 /* ServerManager.swift */ = {isa = PBXFileReference; lastKnownFileType = sourcecode.swift; path = ServerManager.swift; sourceTree = "<group>"; };
		04A489B62727C91C001FFA95 /* ServersViewController.swift */ = {isa = PBXFileReference; lastKnownFileType = sourcecode.swift; path = ServersViewController.swift; sourceTree = "<group>"; };
		04A489B82728A8C9001FFA95 /* ServerInfoControllers.swift */ = {isa = PBXFileReference; lastKnownFileType = sourcecode.swift; path = ServerInfoControllers.swift; sourceTree = "<group>"; };
		04A489BA2728FEEC001FFA95 /* iRCON.entitlements */ = {isa = PBXFileReference; lastKnownFileType = text.plist.entitlements; path = iRCON.entitlements; sourceTree = "<group>"; };
		04A489BB27291701001FFA95 /* SettingViewControllers.swift */ = {isa = PBXFileReference; lastKnownFileType = sourcecode.swift; path = SettingViewControllers.swift; sourceTree = "<group>"; };
		04A9558A27272C77005C38F9 /* iRCON.app */ = {isa = PBXFileReference; explicitFileType = wrapper.application; includeInIndex = 0; path = iRCON.app; sourceTree = BUILT_PRODUCTS_DIR; };
		04A9558D27272C77005C38F9 /* AppDelegate.swift */ = {isa = PBXFileReference; lastKnownFileType = sourcecode.swift; path = AppDelegate.swift; sourceTree = "<group>"; };
		04A9558F27272C77005C38F9 /* SceneDelegate.swift */ = {isa = PBXFileReference; lastKnownFileType = sourcecode.swift; path = SceneDelegate.swift; sourceTree = "<group>"; };
		04A9559427272C77005C38F9 /* Base */ = {isa = PBXFileReference; lastKnownFileType = file.storyboard; name = Base; path = Base.lproj/Main.storyboard; sourceTree = "<group>"; };
		04A9559627272C7A005C38F9 /* Assets.xcassets */ = {isa = PBXFileReference; lastKnownFileType = folder.assetcatalog; path = Assets.xcassets; sourceTree = "<group>"; };
		04A9559927272C7A005C38F9 /* Base */ = {isa = PBXFileReference; lastKnownFileType = file.storyboard; name = Base; path = Base.lproj/LaunchScreen.storyboard; sourceTree = "<group>"; };
		04A9559B27272C7A005C38F9 /* Info.plist */ = {isa = PBXFileReference; lastKnownFileType = text.plist.xml; path = Info.plist; sourceTree = "<group>"; };
/* End PBXFileReference section */

/* Begin PBXFrameworksBuildPhase section */
		04A9558727272C77005C38F9 /* Frameworks */ = {
			isa = PBXFrameworksBuildPhase;
			buildActionMask = 2147483647;
			files = (
				04A489B527279F46001FFA95 /* SwiftSocket in Frameworks */,
			);
			runOnlyForDeploymentPostprocessing = 0;
		};
/* End PBXFrameworksBuildPhase section */

/* Begin PBXGroup section */
		04A9558127272C77005C38F9 = {
			isa = PBXGroup;
			children = (
				04A9558C27272C77005C38F9 /* iRCON */,
				04A9558B27272C77005C38F9 /* Products */,
			);
			sourceTree = "<group>";
		};
		04A9558B27272C77005C38F9 /* Products */ = {
			isa = PBXGroup;
			children = (
				04A9558A27272C77005C38F9 /* iRCON.app */,
			);
			name = Products;
			sourceTree = "<group>";
		};
		04A9558C27272C77005C38F9 /* iRCON */ = {
			isa = PBXGroup;
			children = (
				04A489BA2728FEEC001FFA95 /* iRCON.entitlements */,
				04A9558D27272C77005C38F9 /* AppDelegate.swift */,
				04A9558F27272C77005C38F9 /* SceneDelegate.swift */,
				04A9559327272C77005C38F9 /* Main.storyboard */,
				04A489B027279DAA001FFA95 /* ServerManager.swift */,
				04A489B62727C91C001FFA95 /* ServersViewController.swift */,
				04A489B82728A8C9001FFA95 /* ServerInfoControllers.swift */,
				04A489BB27291701001FFA95 /* SettingViewControllers.swift */,
				04A9559627272C7A005C38F9 /* Assets.xcassets */,
				04A9559827272C7A005C38F9 /* LaunchScreen.storyboard */,
				04A9559B27272C7A005C38F9 /* Info.plist */,
			);
			path = iRCON;
			sourceTree = "<group>";
		};
/* End PBXGroup section */

/* Begin PBXNativeTarget section */
		04A9558927272C77005C38F9 /* iRCON */ = {
			isa = PBXNativeTarget;
			buildConfigurationList = 04A9559E27272C7A005C38F9 /* Build configuration list for PBXNativeTarget "iRCON" */;
			buildPhases = (
				04A9558627272C77005C38F9 /* Sources */,
				04A9558727272C77005C38F9 /* Frameworks */,
				04A9558827272C77005C38F9 /* Resources */,
			);
			buildRules = (
			);
			dependencies = (
			);
			name = iRCON;
			packageProductDependencies = (
				04A489B427279F46001FFA95 /* SwiftSocket */,
			);
			productName = iRCON;
			productReference = 04A9558A27272C77005C38F9 /* iRCON.app */;
			productType = "com.apple.product-type.application";
		};
/* End PBXNativeTarget section */

/* Begin PBXProject section */
		04A9558227272C77005C38F9 /* Project object */ = {
			isa = PBXProject;
			attributes = {
				BuildIndependentTargetsInParallel = 1;
				LastSwiftUpdateCheck = 1300;
				LastUpgradeCheck = 1300;
				TargetAttributes = {
					04A9558927272C77005C38F9 = {
						CreatedOnToolsVersion = 13.0;
					};
				};
			};
			buildConfigurationList = 04A9558527272C77005C38F9 /* Build configuration list for PBXProject "iRCON" */;
			compatibilityVersion = "Xcode 13.0";
			developmentRegion = en;
			hasScannedForEncodings = 0;
			knownRegions = (
				en,
				Base,
			);
			mainGroup = 04A9558127272C77005C38F9;
			packageReferences = (
				04A489B327279F46001FFA95 /* XCRemoteSwiftPackageReference "SwiftSocket" */,
			);
			productRefGroup = 04A9558B27272C77005C38F9 /* Products */;
			projectDirPath = "";
			projectRoot = "";
			targets = (
				04A9558927272C77005C38F9 /* iRCON */,
			);
		};
/* End PBXProject section */

/* Begin PBXResourcesBuildPhase section */
		04A9558827272C77005C38F9 /* Resources */ = {
			isa = PBXResourcesBuildPhase;
			buildActionMask = 2147483647;
			files = (
				04A9559A27272C7A005C38F9 /* LaunchScreen.storyboard in Resources */,
				04A9559727272C7A005C38F9 /* Assets.xcassets in Resources */,
				04A9559527272C77005C38F9 /* Main.storyboard in Resources */,
			);
			runOnlyForDeploymentPostprocessing = 0;
		};
/* End PBXResourcesBuildPhase section */

/* Begin PBXSourcesBuildPhase section */
		04A9558627272C77005C38F9 /* Sources */ = {
			isa = PBXSourcesBuildPhase;
			buildActionMask = 2147483647;
			files = (
				04A489B127279DAA001FFA95 /* ServerManager.swift in Sources */,
				04A489BC27291701001FFA95 /* SettingViewControllers.swift in Sources */,
				04A9558E27272C77005C38F9 /* AppDelegate.swift in Sources */,
				04A9559027272C77005C38F9 /* SceneDelegate.swift in Sources */,
				04A489B92728A8C9001FFA95 /* ServerInfoControllers.swift in Sources */,
				04A489B72727C91C001FFA95 /* ServersViewController.swift in Sources */,
			);
			runOnlyForDeploymentPostprocessing = 0;
		};
/* End PBXSourcesBuildPhase section */

/* Begin PBXVariantGroup section */
		04A9559327272C77005C38F9 /* Main.storyboard */ = {
			isa = PBXVariantGroup;
			children = (
				04A9559427272C77005C38F9 /* Base */,
			);
			name = Main.storyboard;
			sourceTree = "<group>";
		};
		04A9559827272C7A005C38F9 /* LaunchScreen.storyboard */ = {
			isa = PBXVariantGroup;
			children = (
				04A9559927272C7A005C38F9 /* Base */,
			);
			name = LaunchScreen.storyboard;
			sourceTree = "<group>";
		};
/* End PBXVariantGroup section */

/* Begin XCBuildConfiguration section */
		04A9559C27272C7A005C38F9 /* Debug */ = {
			isa = XCBuildConfiguration;
			buildSettings = {
				ALWAYS_SEARCH_USER_PATHS = NO;
				CLANG_ANALYZER_NONNULL = YES;
				CLANG_ANALYZER_NUMBER_OBJECT_CONVERSION = YES_AGGRESSIVE;
				CLANG_CXX_LANGUAGE_STANDARD = "gnu++17";
				CLANG_CXX_LIBRARY = "libc++";
				CLANG_ENABLE_MODULES = YES;
				CLANG_ENABLE_OBJC_ARC = YES;
				CLANG_ENABLE_OBJC_WEAK = YES;
				CLANG_WARN_BLOCK_CAPTURE_AUTORELEASING = YES;
				CLANG_WARN_BOOL_CONVERSION = YES;
				CLANG_WARN_COMMA = YES;
				CLANG_WARN_CONSTANT_CONVERSION = YES;
				CLANG_WARN_DEPRECATED_OBJC_IMPLEMENTATIONS = YES;
				CLANG_WARN_DIRECT_OBJC_ISA_USAGE = YES_ERROR;
				CLANG_WARN_DOCUMENTATION_COMMENTS = YES;
				CLANG_WARN_EMPTY_BODY = YES;
				CLANG_WARN_ENUM_CONVERSION = YES;
				CLANG_WARN_INFINITE_RECURSION = YES;
				CLANG_WARN_INT_CONVERSION = YES;
				CLANG_WARN_NON_LITERAL_NULL_CONVERSION = YES;
				CLANG_WARN_OBJC_IMPLICIT_RETAIN_SELF = YES;
				CLANG_WARN_OBJC_LITERAL_CONVERSION = YES;
				CLANG_WARN_OBJC_ROOT_CLASS = YES_ERROR;
				CLANG_WARN_QUOTED_INCLUDE_IN_FRAMEWORK_HEADER = YES;
				CLANG_WARN_RANGE_LOOP_ANALYSIS = YES;
				CLANG_WARN_STRICT_PROTOTYPES = YES;
				CLANG_WARN_SUSPICIOUS_MOVE = YES;
				CLANG_WARN_UNGUARDED_AVAILABILITY = YES_AGGRESSIVE;
				CLANG_WARN_UNREACHABLE_CODE = YES;
				CLANG_WARN__DUPLICATE_METHOD_MATCH = YES;
				COPY_PHASE_STRIP = NO;
				DEBUG_INFORMATION_FORMAT = dwarf;
				ENABLE_STRICT_OBJC_MSGSEND = YES;
				ENABLE_TESTABILITY = YES;
				GCC_C_LANGUAGE_STANDARD = gnu11;
				GCC_DYNAMIC_NO_PIC = NO;
				GCC_NO_COMMON_BLOCKS = YES;
				GCC_OPTIMIZATION_LEVEL = 0;
				GCC_PREPROCESSOR_DEFINITIONS = (
					"DEBUG=1",
					"$(inherited)",
				);
				GCC_WARN_64_TO_32_BIT_CONVERSION = YES;
				GCC_WARN_ABOUT_RETURN_TYPE = YES_ERROR;
				GCC_WARN_UNDECLARED_SELECTOR = YES;
				GCC_WARN_UNINITIALIZED_AUTOS = YES_AGGRESSIVE;
				GCC_WARN_UNUSED_FUNCTION = YES;
				GCC_WARN_UNUSED_VARIABLE = YES;
				IPHONEOS_DEPLOYMENT_TARGET = 15.0;
				MTL_ENABLE_DEBUG_INFO = INCLUDE_SOURCE;
				MTL_FAST_MATH = YES;
				ONLY_ACTIVE_ARCH = YES;
				SDKROOT = iphoneos;
				SWIFT_ACTIVE_COMPILATION_CONDITIONS = DEBUG;
				SWIFT_OPTIMIZATION_LEVEL = "-Onone";
			};
			name = Debug;
		};
		04A9559D27272C7A005C38F9 /* Release */ = {
			isa = XCBuildConfiguration;
			buildSettings = {
				ALWAYS_SEARCH_USER_PATHS = NO;
				CLANG_ANALYZER_NONNULL = YES;
				CLANG_ANALYZER_NUMBER_OBJECT_CONVERSION = YES_AGGRESSIVE;
				CLANG_CXX_LANGUAGE_STANDARD = "gnu++17";
				CLANG_CXX_LIBRARY = "libc++";
				CLANG_ENABLE_MODULES = YES;
				CLANG_ENABLE_OBJC_ARC = YES;
				CLANG_ENABLE_OBJC_WEAK = YES;
				CLANG_WARN_BLOCK_CAPTURE_AUTORELEASING = YES;
				CLANG_WARN_BOOL_CONVERSION = YES;
				CLANG_WARN_COMMA = YES;
				CLANG_WARN_CONSTANT_CONVERSION = YES;
				CLANG_WARN_DEPRECATED_OBJC_IMPLEMENTATIONS = YES;
				CLANG_WARN_DIRECT_OBJC_ISA_USAGE = YES_ERROR;
				CLANG_WARN_DOCUMENTATION_COMMENTS = YES;
				CLANG_WARN_EMPTY_BODY = YES;
				CLANG_WARN_ENUM_CONVERSION = YES;
				CLANG_WARN_INFINITE_RECURSION = YES;
				CLANG_WARN_INT_CONVERSION = YES;
				CLANG_WARN_NON_LITERAL_NULL_CONVERSION = YES;
				CLANG_WARN_OBJC_IMPLICIT_RETAIN_SELF = YES;
				CLANG_WARN_OBJC_LITERAL_CONVERSION = YES;
				CLANG_WARN_OBJC_ROOT_CLASS = YES_ERROR;
				CLANG_WARN_QUOTED_INCLUDE_IN_FRAMEWORK_HEADER = YES;
				CLANG_WARN_RANGE_LOOP_ANALYSIS = YES;
				CLANG_WARN_STRICT_PROTOTYPES = YES;
				CLANG_WARN_SUSPICIOUS_MOVE = YES;
				CLANG_WARN_UNGUARDED_AVAILABILITY = YES_AGGRESSIVE;
				CLANG_WARN_UNREACHABLE_CODE = YES;
				CLANG_WARN__DUPLICATE_METHOD_MATCH = YES;
				COPY_PHASE_STRIP = NO;
				DEBUG_INFORMATION_FORMAT = "dwarf-with-dsym";
				ENABLE_NS_ASSERTIONS = NO;
				ENABLE_STRICT_OBJC_MSGSEND = YES;
				GCC_C_LANGUAGE_STANDARD = gnu11;
				GCC_NO_COMMON_BLOCKS = YES;
				GCC_WARN_64_TO_32_BIT_CONVERSION = YES;
				GCC_WARN_ABOUT_RETURN_TYPE = YES_ERROR;
				GCC_WARN_UNDECLARED_SELECTOR = YES;
				GCC_WARN_UNINITIALIZED_AUTOS = YES_AGGRESSIVE;
				GCC_WARN_UNUSED_FUNCTION = YES;
				GCC_WARN_UNUSED_VARIABLE = YES;
				IPHONEOS_DEPLOYMENT_TARGET = 15.0;
				MTL_ENABLE_DEBUG_INFO = NO;
				MTL_FAST_MATH = YES;
				SDKROOT = iphoneos;
				SWIFT_COMPILATION_MODE = wholemodule;
				SWIFT_OPTIMIZATION_LEVEL = "-O";
				VALIDATE_PRODUCT = YES;
			};
			name = Release;
		};
		04A9559F27272C7A005C38F9 /* Debug */ = {
			isa = XCBuildConfiguration;
			buildSettings = {
				ASSETCATALOG_COMPILER_APPICON_NAME = AppIcon;
				ASSETCATALOG_COMPILER_GLOBAL_ACCENT_COLOR_NAME = AccentColor;
				CODE_SIGN_ENTITLEMENTS = iRCON/iRCON.entitlements;
				CODE_SIGN_STYLE = Automatic;
				CURRENT_PROJECT_VERSION = 1;
				DEVELOPMENT_TEAM = 396R3XAD4M;
				GENERATE_INFOPLIST_FILE = YES;
				INFOPLIST_FILE = iRCON/Info.plist;
				INFOPLIST_KEY_LSApplicationCategoryType = "public.app-category.utilities";
				INFOPLIST_KEY_UIApplicationSupportsIndirectInputEvents = YES;
				INFOPLIST_KEY_UILaunchStoryboardName = LaunchScreen;
				INFOPLIST_KEY_UIMainStoryboardFile = Main;
				INFOPLIST_KEY_UISupportedInterfaceOrientations_iPad = "UIInterfaceOrientationPortrait UIInterfaceOrientationPortraitUpsideDown UIInterfaceOrientationLandscapeLeft UIInterfaceOrientationLandscapeRight";
				INFOPLIST_KEY_UISupportedInterfaceOrientations_iPhone = "UIInterfaceOrientationPortrait UIInterfaceOrientationLandscapeLeft UIInterfaceOrientationLandscapeRight";
				IPHONEOS_DEPLOYMENT_TARGET = 13.0;
				LD_RUNPATH_SEARCH_PATHS = (
					"$(inherited)",
					"@executable_path/Frameworks",
				);
				MACOSX_DEPLOYMENT_TARGET = 10.15;
				MARKETING_VERSION = 1.0;
				PRODUCT_BUNDLE_IDENTIFIER = com.jbruienne.iRCON;
				PRODUCT_NAME = "$(TARGET_NAME)";
				SUPPORTS_MACCATALYST = YES;
				SWIFT_EMIT_LOC_STRINGS = YES;
				SWIFT_VERSION = 5.0;
				TARGETED_DEVICE_FAMILY = "1,2";
			};
			name = Debug;
		};
		04A955A027272C7A005C38F9 /* Release */ = {
			isa = XCBuildConfiguration;
			buildSettings = {
				ASSETCATALOG_COMPILER_APPICON_NAME = AppIcon;
				ASSETCATALOG_COMPILER_GLOBAL_ACCENT_COLOR_NAME = AccentColor;
				CODE_SIGN_ENTITLEMENTS = iRCON/iRCON.entitlements;
				CODE_SIGN_STYLE = Automatic;
				CURRENT_PROJECT_VERSION = 1;
				DEVELOPMENT_TEAM = 396R3XAD4M;
				GENERATE_INFOPLIST_FILE = YES;
				INFOPLIST_FILE = iRCON/Info.plist;
				INFOPLIST_KEY_LSApplicationCategoryType = "public.app-category.utilities";
				INFOPLIST_KEY_UIApplicationSupportsIndirectInputEvents = YES;
				INFOPLIST_KEY_UILaunchStoryboardName = LaunchScreen;
				INFOPLIST_KEY_UIMainStoryboardFile = Main;
				INFOPLIST_KEY_UISupportedInterfaceOrientations_iPad = "UIInterfaceOrientationPortrait UIInterfaceOrientationPortraitUpsideDown UIInterfaceOrientationLandscapeLeft UIInterfaceOrientationLandscapeRight";
				INFOPLIST_KEY_UISupportedInterfaceOrientations_iPhone = "UIInterfaceOrientationPortrait UIInterfaceOrientationLandscapeLeft UIInterfaceOrientationLandscapeRight";
				IPHONEOS_DEPLOYMENT_TARGET = 13.0;
				LD_RUNPATH_SEARCH_PATHS = (
					"$(inherited)",
					"@executable_path/Frameworks",
				);
				MACOSX_DEPLOYMENT_TARGET = 10.15;
				MARKETING_VERSION = 1.0;
				PRODUCT_BUNDLE_IDENTIFIER = com.jbruienne.iRCON;
				PRODUCT_NAME = "$(TARGET_NAME)";
				SUPPORTS_MACCATALYST = YES;
				SWIFT_EMIT_LOC_STRINGS = YES;
				SWIFT_VERSION = 5.0;
				TARGETED_DEVICE_FAMILY = "1,2";
			};
			name = Release;
		};
/* End XCBuildConfiguration section */

/* Begin XCConfigurationList section */
		04A9558527272C77005C38F9 /* Build configuration list for PBXProject "iRCON" */ = {
			isa = XCConfigurationList;
			buildConfigurations = (
				04A9559C27272C7A005C38F9 /* Debug */,
				04A9559D27272C7A005C38F9 /* Release */,
			);
			defaultConfigurationIsVisible = 0;
			defaultConfigurationName = Release;
		};
		04A9559E27272C7A005C38F9 /* Build configuration list for PBXNativeTarget "iRCON" */ = {
			isa = XCConfigurationList;
			buildConfigurations = (
				04A9559F27272C7A005C38F9 /* Debug */,
				04A955A027272C7A005C38F9 /* Release */,
			);
			defaultConfigurationIsVisible = 0;
			defaultConfigurationName = Release;
		};
/* End XCConfigurationList section */

/* Begin XCRemoteSwiftPackageReference section */
		04A489B327279F46001FFA95 /* XCRemoteSwiftPackageReference "SwiftSocket" */ = {
			isa = XCRemoteSwiftPackageReference;
			repositoryURL = "https://github.com/charles-awayup/SwiftSocket";
			requirement = {
				kind = upToNextMajorVersion;
				minimumVersion = 2.0.0;
			};
		};
/* End XCRemoteSwiftPackageReference section */

/* Begin XCSwiftPackageProductDependency section */
		04A489B427279F46001FFA95 /* SwiftSocket */ = {
			isa = XCSwiftPackageProductDependency;
			package = 04A489B327279F46001FFA95 /* XCRemoteSwiftPackageReference "SwiftSocket" */;
			productName = SwiftSocket;
		};
/* End XCSwiftPackageProductDependency section */
	};
	rootObject = 04A9558227272C77005C38F9 /* Project object */;
}
